# auto-generated by grc.converter

id: lora_sdr_gray_enc
label: Gray demap
category: '[LoRa_RX]'

inputs:
-   domain: stream
    dtype: int

outputs:
-   domain: stream
    dtype: int

templates:
    imports: import lora_sdr
    make: lora_sdr.gray_enc()

documentation: |-
    Apply the gray demapping operation. (Corresponding to a gray encoding with a shift)
        Input:
            in: decimal value gray mapped
        Output:
            out: decimal value demapped

file_format: 1
