id: lora_sdr_whitening
label: Whitening
category: '[LoRa_TX]'
parameters:
-   id: source_type
    label: Source type
    dtype: enum
    default: message_strobe
    options: ['message_strobe', 'file_source']
    option_labels: ['Message strobe', 'File source']
-   id: use_length_tag
    label: Use length tag
    dtype: enum
    options: ['True','False']
    option_labels: [ 'Yes','No']
    default: 'False'
    hide: ${ ( 'none' if str(source_type) == "file_source" else 'all') }
-   id: separator
    label: Separator
    dtype: raw
    default: "','"
    hide: ${ ( 'none' if ((str(source_type) == "file_source") and (use_length_tag == 'False')) else 'all') }
-   id: length_tag_name
    label: Length tag key
    dtype: raw
    default: "'packet_len'"
    hide: ${ ( 'none' if ((str(source_type) == "file_source") and (use_length_tag == 'True')) else 'all') }
-   id: is_hex
    label: is_hex
    dtype: bool
    default: false
    hide: ${ ( 'none' if (str(source_type) == "file_source" and use_length_tag == 'False') else 'all') }

inputs:
-   domain: stream
    dtype: byte
    optional: ${ ( False if str(source_type) == "file_source" else True) }
    hide: ${ ( False if str(source_type) == "file_source" else True) }
-   domain: message
    id: msg
    optional: ${ ( False if str(source_type) == "message_strobe" else True) }
    hide: ${ ( False if str(source_type) == "message_strobe" else True) }
outputs:
-   domain: stream
    dtype: byte

templates:
    imports: import gnuradio.lora_sdr as lora_sdr
    make: lora_sdr.whitening(${is_hex},${use_length_tag},${separator},${length_tag_name})

documentation: |-
    Whiten the payload data with a pseudo random sequence
        Parameters:
            Source type: choose the input mode: message or file
            Use length tag: separate frame content based on a length tag or a separator character
            Separator: the separator used to separate frame contents
            Length tag key: the key of the length tag 
            is_hex: If True, the input file contains hex values as sequence of digits, with frames separated with the separator. e.g(6669727374207061636b6574,7365636f6e64207061636b6574,). Else the file contains sequence of chars with frames separated by the separator. e.g(first packet,second packet).
        Input:
            msg: the payload as a PMT message string
                or
            in: a file source with payloads separated by separator.
        Output:
            out: Stream of whitened payload nibbles

file_format: 1
