# auto-generated by grc.converter

id: lora_sdr_interleaver
label: Interleaver
category: '[LoRa_TX]'

parameters:
-   id: cr
    label: Cr
    dtype: int
-   id: sf
    label: Sf
    dtype: int

inputs:
-   domain: stream
    dtype: byte
-   domain: message
    id: msg

outputs:
-   domain: stream
    dtype: int

templates:
    imports: import lora_sdr
    make: lora_sdr.interleaver(${cr}, ${sf})

documentation: |-
    Interleaves multiple sf codewords together
        Parameters:
            cr: coding rate
            sf: spreading factor
        Input:
            in: stream of bytes containing a codeword each
            msg: payload as a string
        Output:
            out: stream of interleaved codewords as decimal values

file_format: 1
