# auto-generated by grc.converter

id: lora_sdr_crc_verif
label: Crc verif
category: '[LoRa_RX]'

inputs:
-   domain: stream
    dtype: byte
-   domain: message
    id: pay_len
-   domain: message
    id: CRC

outputs:
-   domain: message
    id: msg
    optional: true

templates:
    imports: import lora_sdr
    make: lora_sdr.crc_verif()

documentation: |-
    Calculate the CRC of the received data and compare it with the received CRC.
      Input:
        in: stream of payload bytes
        pay_len: length of the payload in bytes
        CRC: Indication of the payload crc presence
      Output:
        (optional) msg: Received payload

file_format: 1
