# auto-generated by grc.converter

id: lora_sdr_mu_synchro
label: Mu synchro
category: '[LoRa_mu]'

parameters:
-   id: sf
    label: Sf
    dtype: int
-   id: os_factor
    label: Os_factor
    dtype: int
-   id: len
    label: Len
    dtype: int

inputs:
-   domain: stream
    dtype: complex

outputs:
-   domain: stream
    dtype: complex
-   label: sync_state
    domain: stream
    dtype: int
    optional: true

templates:
    imports: import lora_sdr
    make: lora_sdr.mu_synchro(${sf}, ${os_factor}, ${len})

file_format: 1
