
id: lora_sdr_noise_est
label: Noise est
category: '[LoRa_mu]'

parameters:
-   id: n_samples
    label: N_samples
    dtype: int

inputs:
-   domain: stream
    dtype: complex

outputs:
-   domain: message
    id: noise_est

templates:
    imports: import lora_sdr
    make: lora_sdr.noise_est(${n_samples})

file_format: 1
