# auto-generated by grc.converter

id: lora_sdr_whitening
label: Whitening
category: '[LoRa_TX]'

inputs:
-   domain: message
    id: msg

outputs:
-   domain: stream
    dtype: byte

templates:
    imports: import lora_sdr
    make: lora_sdr.whitening()

documentation: |-
    Whiten the payload data with a pseudo random sequence
        Input:
            msg: the payload as a string
        Output:
            out: Stream of whitened payload nibbles

file_format: 1
