# auto-generated by grc.converter

id: lora_sdr_hamming_enc
label: Hamming enc
category: '[LoRa_TX]'

parameters:
-   id: cr
    label: CR
    dtype: int
    default: 1
-   id: sf
    label: SF
    dtype: int
    default: 7

inputs:
-   domain: stream
    dtype: byte

outputs:
-   domain: stream
    dtype: byte

templates:
    imports: import gnuradio.lora_sdr as lora_sdr
    make: lora_sdr.hamming_enc(${cr}, ${sf})
    callbacks:
        - set_cr(${cr})
        - set_sf(${sf})

documentation: |-
    Append the parity bits to a nibble in accordance to the coding rate.
        Parameters:
            CR: coding rate
            SF: spreading factor
        Input:
            in: stream of nibble
        Output:
            out: stream of bytes containing a nibble of data and corresponding parity bits.

file_format: 1
