# auto-generated by grc.converter

id: lora_sdr_header
label: Add header
category: '[LoRa]/Tx'
flags: [python, cpp]

parameters:
-   id: impl_head
    label: Impl_head
    dtype: bool
-   id: has_crc
    label: Has_crc
    dtype: bool
    default: 'False'
-   id: cr
    label: Cr
    dtype: int
    default: '3'

asserts:
-   ${ cr ==0 or cr ==2 or cr ==3 or cr ==4 }

inputs:
-   domain: stream
    dtype: byte

outputs:
-   domain: stream
    dtype: byte

templates:
    imports: import lora_sdr
    make: lora_sdr.header(${impl_head}, ${has_crc}, ${cr})

cpp_templates: 
     includes: ['#include <lora_sdr/header.h>'] 
     declarations: 'lora_sdr::header::sptr ${id};' 
     make: 'this->${id} = lora_sdr::header::make(${impl_head}, ${has_crc}, ${cr});' 

documentation: |-
    Add the explicit header in the beginning of a frame if this mode is specified.
        Parameters:
            impl_head: indicate to use the implicit header mode (explicit otherwise)
            has_crc: indicate the presence of a payload crc
            CR: coding rate
        Input:
            in: stream of payload nibbles
            msg: payload as a string
        Output:
            out: stream of header and payload nibbles

file_format: 1
