
id: lora_sdr_modulate
label: Modulate
category: '[LoRa_TX]'

parameters:
-   id: sf
    label: Sf
    dtype: int
-   id: samp_rate
    label: Samp_rate
    dtype: int
    hide: all
-   id: bw
    label: Bw
    dtype: int
-   id: sync_words
    label: Sync words
    dtype: int_vector
    hide: part
    default: 0x12

inputs:
-   domain: stream
    dtype: int

outputs:
-   domain: stream
    dtype: complex

templates:
    imports: import lora_sdr
    make: lora_sdr.modulate(${sf}, ${bw}, ${bw}, ${sync_words})

documentation: |-
    Add the preamble to the frame and modulate lora symbols accordingly to the input decimal values.
        Parameters:
            sf: spreading factor
            Bw: bandwidth
            sync_word: The frame sync word. Can be specified as an hex or dec value (e.g. 0x12 or 18), or directly as the decimal values modulating the two network identifiers upchirps in the preamble (e.g [8,16]).
        Input:
            in: stream of decimal symbol values
        Output:
            out: stream of complex valued samples

file_format: 1
