
id: lora_sdr_mu_demod
label: mu_demod
category: '[LoRa_mu]'

parameters:
-   id: sf
    label: Sf
    dtype: int
-   id: Ku
    label: Ku
    dtype: int

inputs:
-   domain: stream
    dtype: complex

outputs:
-   label: S1
    domain: stream
    dtype: short
-   label: S2
    domain: stream
    dtype: short
-   label: SNR
    domain: stream
    dtype: float

templates:
    imports: import lora_sdr
    make: lora_sdr.mu_demod(${sf}, ${Ku})

file_format: 1
