# auto-generated by grc.converter

id: lora_sdr_add_crc
label: Add crc
category: '[LoRa_TX]'

parameters:
-   id: has_crc
    label: Has_crc
    dtype: bool
    default: 'False'

inputs:
-   domain: stream
    dtype: byte


outputs:
-   domain: stream
    dtype: byte

templates:
    imports: import gnuradio.lora_sdr as lora_sdr
    make: lora_sdr.add_crc(${has_crc})

documentation: |-
    Append the payload CRC to the payload.
          Parameters:
            has_crc: indicate the presence of a payload CRC
          Input:
            in: stream of header and payload nibbles
          Output:
            out: stream of header, payload and CRC nibbles

file_format: 1
