id: lora_sdr_header
label: Add header
category: '[LoRa_TX]'

parameters:
-   id: impl_head
    label: Impl_head
    dtype: bool
-   id: has_crc
    label: Has_crc
    dtype: bool
    default: 'False'
-   id: cr
    label: CR
    dtype: int
    default: 'cr'


inputs:
-   domain: stream
    dtype: byte

outputs:
-   domain: stream
    dtype: byte

templates:
    imports: import gnuradio.lora_sdr as lora_sdr
    make: lora_sdr.header(${impl_head}, ${has_crc}, ${cr})
    callbacks:
        - set_cr(${cr})

documentation: |-
    Add the explicit header in the beginning of a frame if this mode is specified.
        Parameters:
            impl_head: indicate to use the implicit header mode (explicit otherwise)
            has_crc: indicate the presence of a payload crc
            CR: coding rate
            
        Input:
            in: stream of payload nibbles
        Output:
            out: stream of header and payload nibbles

file_format: 1
