# auto-generated by grc.converter

id: lora_sdr_deinterleaver
label: Deinterleaver
category: '[LoRa_RX]'

parameters:
-   id: sf
    label: Sf
    dtype: int

inputs:
-   domain: stream
    dtype: int
-   domain: message
    id: new_frame
-   domain: message
    id: CR

outputs:
-   domain: stream
    dtype: byte

templates:
    imports: import lora_sdr
    make: lora_sdr.deinterleaver(${sf})

documentation: |-
    Deinterleave the received codewords.
        Parameters:
            sf: spreading factor
        Input:
            in: stream of received (gray demapped) decimal values
            new_frame: begining of a new frame
            CR: coding rate
        Output:
            out: stream of deinterleaved codewords (one per byte)

file_format: 1
