id: lora_sdr_RH_RF95_header
label: Rh rf95 header
category: '[LoRa_TX]'

parameters:
-   id: _to
    label: _to
    dtype: int
-   id: _from
    label: _from
    dtype: int
-   id: _id
    label: _id
    dtype: int
-   id: _flags
    label: _flags
    dtype: int

inputs:
-   domain: message
    id: msg

outputs:
-   domain: message
    id: msg

templates:
    imports: import gnuradio.lora_sdr as lora_sdr
    make: lora_sdr.RH_RF95_header(${_to}, ${_from}, ${_id}, ${_flags})

documentation: |-
    Add 4 bytes in the beginning of the payload, required in order to send messages to a lora chip using the Radiohead library.
        Be careful to take those 4 additional bytes in consideration if used with a usrp as receiver.
        (During testing, we used the Adafruit Feather 32u4 RFM95).
        more information on thoses 4 bytes on :
        https://www.airspayce.com/mikem/arduino/RadioHead/classRHGenericDriver.html#abf4db9bddfee361cc44fbf4bd22202bc
        Parameters:
            _to: destination identifier
            _from: source identifier
            _id: message identifier
            _flags: flags
        Input:
            msg: payload as a string
        Output:
            out: radiohead header and payload as a string

file_format: 1
