id: lora_sdr_gray_mapping
label: Gray mapping
category: '[LoRa_RX]'

parameters:
-   id: sf
    label: SF
    default: 'sf'
    dtype: int
-   id: soft_decoding
    label: Soft_Decoding
    dtype: bool
    default: 'soft_decoding'
    options: [False, True]

inputs:
-   domain: stream
    dtype: ${ 'f64' if soft_decoding else 'int'}
    vlen: ${ sf if soft_decoding else 1}

outputs:
-   domain: stream
    dtype: int
    dtype: ${ 'f64' if soft_decoding else 'int'}
    vlen: ${ sf if soft_decoding else 1}

templates:
    imports: import gnuradio.lora_sdr as lora_sdr
    make: lora_sdr.gray_mapping(${sf}, ${soft_decoding})

documentation: |-
    Apply the gray demapping operation. (Corresponding to a gray encoding with a shift)
        Input:
            in: decimal value gray mapped
        Output:
            out: decimal value demapped

file_format: 1
