id: lora_sdr_gray_mapping
label: Gray mapping
category: '[LoRa_RX]'

parameters:
-   id: soft_decoding
    label: Soft_Decoding
    dtype: bool
    default: 'soft_decoding'
    options: [False, True]

inputs:
-   domain: stream
    dtype: ${ 'f64' if soft_decoding else 'short'}
    vlen: ${ 12 if soft_decoding else 1} #max bin per symbol is 12

outputs:
-   domain: stream
    dtype: int
    dtype: ${ 'f64' if soft_decoding else 'short'}
    vlen: ${ 12 if soft_decoding else 1} #max bin per symbol is 12

templates:
    imports: import gnuradio.lora_sdr as lora_sdr
    make: lora_sdr.gray_mapping( ${soft_decoding})

documentation: |-
    Apply the gray demapping operation. (Corresponding to a gray encoding with a shift)
        Input:
            in: decimal value gray mapped
        Output:
            out: decimal value demapped

file_format: 1
